
Microsoft Visual Studio Solution File, Format Version 12.00
# Visual Studio Version 17
VisualStudioVersion = 17.4.33213.308
MinimumVisualStudioVersion = 10.0.40219.1
Project("{FAE04EC0-301F-11D3-BF4B-00C04F79EFBC}") = "Backpropagation", "Backpropagation\Backpropagation.csproj", "{16350846-94C6-448E-8D80-38F03EA12E8C}"
EndProject
Global
	GlobalSection(SolutionConfigurationPlatforms) = preSolution
		Debug|Any CPU = Debug|Any CPU
		Release|Any CPU = Release|Any CPU
	EndGlobalSection
	GlobalSection(ProjectConfigurationPlatforms) = postSolution
		{16350846-94C6-448E-8D80-38F03EA12E8C}.Debug|Any CPU.ActiveCfg = Debug|Any CPU
		{16350846-94C6-448E-8D80-38F03EA12E8C}.Debug|Any CPU.Build.0 = Debug|Any CPU
		{16350846-94C6-448E-8D80-38F03EA12E8C}.Release|Any CPU.ActiveCfg = Release|Any CPU
		{16350846-94C6-448E-8D80-38F03EA12E8C}.Release|Any CPU.Build.0 = Release|Any CPU
	EndGlobalSection
	GlobalSection(SolutionProperties) = preSolution
		HideSolutionNode = FALSE
	EndGlobalSection
	GlobalSection(ExtensibilityGlobals) = postSolution
		SolutionGuid = {1F30C50D-4042-47CF-B156-F10F3478EF42}
	EndGlobalSection
EndGlobal
